PODS:
  - Eureka (5.3.6)
  - GCDWebServerExtension (3.5.4):
    - GCDWebServerExtension/Core (= 3.5.4)
  - GCDWebServerExtension/Core (3.5.4)
  - ImageRow (4.1.0):
    - Eureka (~> 5.3.5)
  - IPtProxy (1.9.0)
  - IPtProxyUI/AppEx (1.11.0):
    - Eureka (~> 5.3)
    - ImageRow (~> 4.0)
    - IPtProxy (~> 1.9.0)
    - MBProgressHUD (~> 1.2)
    - ReachabilitySwift (~> 5.0)
  - MBProgressHUD (1.2.0)
  - ReachabilitySwift (5.0.0)
  - Tor/Arti (407.12.1):
    - Tor/Core
  - Tor/ArtiGeoIP (407.12.1):
    - Tor/Arti
  - Tor/Core (407.12.1)

DEPENDENCIES:
  - Eureka (~> 5.3)
  - GCDWebServerExtension (from `https://github.com/tladesignz/GCDWebServer.git`)
  - IPtProxyUI/AppEx (from `https://github.com/tladesignz/IPtProxyUI-ios`)
  - Tor/ArtiGeoIP (from `../Tor.framework`)

SPEC REPOS:
  https://github.com/CocoaPods/Specs.git:
    - Eureka
    - ImageRow
    - IPtProxy
    - MBProgressHUD
    - ReachabilitySwift

EXTERNAL SOURCES:
  GCDWebServerExtension:
    :git: https://github.com/tladesignz/GCDWebServer.git
  IPtProxyUI:
    :git: https://github.com/tladesignz/IPtProxyUI-ios
  Tor:
    :path: "../Tor.framework"

CHECKOUT OPTIONS:
  GCDWebServerExtension:
    :commit: 250ccc860abfcceb30c3c9b546b225a8293ad3dd
    :git: https://github.com/tladesignz/GCDWebServer.git
  IPtProxyUI:
    :commit: dd2e2585c79c2989a17df4ff01a8b41a2dddb312
    :git: https://github.com/tladesignz/IPtProxyUI-ios

SPEC CHECKSUMS:
  Eureka: 28ad9dec6286cd7cd601fdf8e8df39bb7356a8f4
  GCDWebServerExtension: dd9ca142fd4063d0ffc0944f716646be3c5689b1
  ImageRow: 880c0f052c5a89c80521b485c86ccf723a124e99
  IPtProxy: 1a871c46b4c877ed284183404803b1666781c3b8
  IPtProxyUI: f63ebddcd948d33f441b1f2af9b1546f922da9a0
  MBProgressHUD: 3ee5efcc380f6a79a7cc9b363dd669c5e1ae7406
  ReachabilitySwift: 985039c6f7b23a1da463388634119492ff86c825
  Tor: 64930a51e20acf560fdebf3e79b6bb9f72fb3c7c

PODFILE CHECKSUM: b880213605c075ced4cb9ea90ea6722444aca2f2

COCOAPODS: 1.11.3
