PODS:
  - Eureka (5.3.6)
  - GCDWebServerExtension (3.5.4):
    - GCDWebServerExtension/Core (= 3.5.4)
  - GCDWebServerExtension/Core (3.5.4)
  - ImageRow (4.1.0):
    - Eureka (~> 5.3.5)
  - IPtProxy (3.1.1)
  - IPtProxyUI/AppEx (3.0.2):
    - Eureka (~> 5.3)
    - ImageRow (~> 4.0)
    - IPtProxy (~> 3.1.1)
  - ProgressHUD (13.7.2)
  - Tor/Core (408.4.1)
  - Tor/CTor-NoLZMA (408.4.1):
    - Tor/Core
  - Tor/GeoIP-NoLZMA (408.4.1):
    - Tor/CTor-NoLZMA

DEPENDENCIES:
  - Eureka (~> 5.3)
  - GCDWebServerExtension (from `https://github.com/tladesignz/GCDWebServer.git`)
  - IPtProxyUI/AppEx (~> 3.0.2)
  - ProgressHUD (~> 13.6)
  - Tor/GeoIP-NoLZMA (from `../Tor.framework`)

SPEC REPOS:
  https://github.com/CocoaPods/Specs.git:
    - Eureka
    - ImageRow
    - IPtProxy
    - IPtProxyUI
    - ProgressHUD

EXTERNAL SOURCES:
  GCDWebServerExtension:
    :git: https://github.com/tladesignz/GCDWebServer.git
  Tor:
    :path: "../Tor.framework"

CHECKOUT OPTIONS:
  GCDWebServerExtension:
    :commit: 250ccc860abfcceb30c3c9b546b225a8293ad3dd
    :git: https://github.com/tladesignz/GCDWebServer.git

SPEC CHECKSUMS:
  Eureka: 28ad9dec6286cd7cd601fdf8e8df39bb7356a8f4
  GCDWebServerExtension: dd9ca142fd4063d0ffc0944f716646be3c5689b1
  ImageRow: 880c0f052c5a89c80521b485c86ccf723a124e99
  IPtProxy: 264799227d5d83a4a583e66bd4ea846510554025
  IPtProxyUI: 9b38d74482ee0d3764560845190520b88f739d49
  ProgressHUD: 093d24ca970f191744017bee2649e37d0cd1c5b9
  Tor: 5fb3cd5e663aa1d6f19b1ade30f8b208b21d26ea

PODFILE CHECKSUM: 70da9a369adaf85a4c55dd5eeaa436d76aed5e87

COCOAPODS: 1.12.1
