PODS:
  - Eureka (5.3.6)
  - GCDWebServerExtension (3.5.4):
    - GCDWebServerExtension/Core (= 3.5.4)
  - GCDWebServerExtension/Core (3.5.4)
  - ImageRow (4.1.0):
    - Eureka (~> 5.3.5)
  - IPtProxy (3.1.1)
  - IPtProxyUI/AppEx (3.0.1):
    - Eureka (~> 5.3)
    - ImageRow (~> 4.0)
    - IPtProxy (~> 3.1.1)
  - ProgressHUD (13.6.2)
  - Tor/Core (407.13.2)
  - Tor/CTor (407.13.2):
    - Tor/Core
  - Tor/GeoIP (407.13.2):
    - Tor/CTor

DEPENDENCIES:
  - Eureka (~> 5.3)
  - GCDWebServerExtension (from `https://github.com/tladesignz/GCDWebServer.git`)
  - IPtProxyUI/AppEx (~> 3.0.1)
  - ProgressHUD (~> 13.6)
  - Tor/GeoIP (~> 407.13)

SPEC REPOS:
  https://github.com/CocoaPods/Specs.git:
    - Eureka
    - ImageRow
    - IPtProxy
    - IPtProxyUI
    - ProgressHUD
    - Tor

EXTERNAL SOURCES:
  GCDWebServerExtension:
    :git: https://github.com/tladesignz/GCDWebServer.git

CHECKOUT OPTIONS:
  GCDWebServerExtension:
    :commit: 250ccc860abfcceb30c3c9b546b225a8293ad3dd
    :git: https://github.com/tladesignz/GCDWebServer.git

SPEC CHECKSUMS:
  Eureka: 28ad9dec6286cd7cd601fdf8e8df39bb7356a8f4
  GCDWebServerExtension: dd9ca142fd4063d0ffc0944f716646be3c5689b1
  ImageRow: 880c0f052c5a89c80521b485c86ccf723a124e99
  IPtProxy: 264799227d5d83a4a583e66bd4ea846510554025
  IPtProxyUI: a52edf104d5f4e42b111d07dd7d0f682c321347c
  ProgressHUD: 355915c8f033e626788fa9b0d99d06e8691595ab
  Tor: 7bfe99b1c4a250ca0de56a4873fced120a3b417a

PODFILE CHECKSUM: ccdcaa23466380b895af276ec540e3631b22f23e

COCOAPODS: 1.12.1
